filippo.io/edwards25519 v1.1.0 h1:FNf4tywRC1HmFuKW5xopWpigGjJKiJSV0Cqo0cJWDaA=
filippo.io/edwards25519 v1.1.0/go.mod h1:BxyFTGdWcka3PhytdK4V28tE5sGfRvvvRV7EaN4VDT4=
github.com/cespare/xxhash/v2 v2.3.0 h1:UL815xU9SqsFlibzuggzjXhog7bL6oX9BbNZnL2UFvs=
github.com/cespare/xxhash/v2 v2.3.0/go.mod h1:VGX0DQ3Q6kWi7AoAeZDth3/j3BFtOZR5XLFGgcrjCOs=
github.com/go-sql-driver/mysql v1.9.2 h1:4cNKDYQ1I84SXslGddlsrMhc8k4LeDVj6Ad6WRjiHuU=
github.com/go-sql-driver/mysql v1.9.2/go.mod h1:qn46aNg1333BRMNU69Lq93t8du/dwxI64Gl8i5p1WMU=
github.com/webmafia/fast v0.17.0 h1:nA5oJN01iMIWh9MtQZSzxHx5mYnPTVTawGlahapiHFM=
github.com/webmafia/fast v0.17.0/go.mod h1:MjWuDwKdCP1APS96wqOlQ9ZU5gqPmHfstQgDYGpG0pQ=
github.com/webmafia/lru v1.0.0 h1:kfJmEXR++CZQTVxpGd93b/ZDTgD61vGj2Qu2JFOJ/98=
github.com/webmafia/lru v1.0.0/go.mod h1:0p2Dec7T8gGxW4ezVjjtYHHktOZrlCfY2ZRRkbjIVj8=
